
Microsoft Visual Studio Solution File, Format Version 12.00
# Visual Studio Version 17
VisualStudioVersion = 17.12.35506.116 d17.12
MinimumVisualStudioVersion = 10.0.40219.1
Project("{FAE04EC0-301F-11D3-BF4B-00C04F79EFBC}") = "baitap1lap5", "baitap1lap5\baitap1lap5.csproj", "{0BC802A0-8CA1-4FCB-8DC5-98197366CE9E}"
EndProject
Global
	GlobalSection(SolutionConfigurationPlatforms) = preSolution
		Debug|Any CPU = Debug|Any CPU
		Release|Any CPU = Release|Any CPU
	EndGlobalSection
	GlobalSection(ProjectConfigurationPlatforms) = postSolution
		{0BC802A0-8CA1-4FCB-8DC5-98197366CE9E}.Debug|Any CPU.ActiveCfg = Debug|Any CPU
		{0BC802A0-8CA1-4FCB-8DC5-98197366CE9E}.Debug|Any CPU.Build.0 = Debug|Any CPU
		{0BC802A0-8CA1-4FCB-8DC5-98197366CE9E}.Release|Any CPU.ActiveCfg = Release|Any CPU
		{0BC802A0-8CA1-4FCB-8DC5-98197366CE9E}.Release|Any CPU.Build.0 = Release|Any CPU
	EndGlobalSection
	GlobalSection(SolutionProperties) = preSolution
		HideSolutionNode = FALSE
	EndGlobalSection
EndGlobal
